// !$*UTF8*$!
{
	archiveVersion = 1;
	classes = {
	};
	objectVersion = 46;
	objects = {

/* Begin PBXBuildFile section */
		8B01C4E11D65BD19008D081F /* ListOfCategoriesPage.swift in Sources */ = {isa = PBXBuildFile; fileRef = 8B01C4E01D65BD19008D081F /* ListOfCategoriesPage.swift */; };
		8B0E017B1D50842D008F8DC0 /* AppDelegate.swift in Sources */ = {isa = PBXBuildFile; fileRef = 8B0E017A1D50842D008F8DC0 /* AppDelegate.swift */; };
		8B0E017D1D50842D008F8DC0 /* Main.swift in Sources */ = {isa = PBXBuildFile; fileRef = 8B0E017C1D50842D008F8DC0 /* Main.swift */; };
		8B0E01801D50842D008F8DC0 /* Main.storyboard in Resources */ = {isa = PBXBuildFile; fileRef = 8B0E017E1D50842D008F8DC0 /* Main.storyboard */; };
		8B0E01821D50842D008F8DC0 /* Assets.xcassets in Resources */ = {isa = PBXBuildFile; fileRef = 8B0E01811D50842D008F8DC0 /* Assets.xcassets */; };
		8B0E01851D50842D008F8DC0 /* LaunchScreen.storyboard in Resources */ = {isa = PBXBuildFile; fileRef = 8B0E01831D50842D008F8DC0 /* LaunchScreen.storyboard */; };
		8B0E018D1D509607008F8DC0 /* AddNew.swift in Sources */ = {isa = PBXBuildFile; fileRef = 8B0E018C1D509607008F8DC0 /* AddNew.swift */; };
		8B2B0CD31D56ACCB009BDF34 /* ListOfMedsPage.swift in Sources */ = {isa = PBXBuildFile; fileRef = 8B2B0CD21D56ACCB009BDF34 /* ListOfMedsPage.swift */; };
		8B4803231D586903007010DB /* Support.swift in Sources */ = {isa = PBXBuildFile; fileRef = 8B4803221D586903007010DB /* Support.swift */; };
		8BC332621D50C1550091F081 /* MedPage.swift in Sources */ = {isa = PBXBuildFile; fileRef = 8BC332611D50C1550091F081 /* MedPage.swift */; };
		8BD380271D5103D300E0A7E7 /* GoogleService-Info.plist in Resources */ = {isa = PBXBuildFile; fileRef = 8BD380261D5103D300E0A7E7 /* GoogleService-Info.plist */; };
		DD4C0652993854D596B09819 /* libPods-Pharmacy.a in Frameworks */ = {isa = PBXBuildFile; fileRef = 08689C9A0B0D1986172BEF04 /* libPods-Pharmacy.a */; };
/* End PBXBuildFile section */

/* Begin PBXFileReference section */
		08689C9A0B0D1986172BEF04 /* libPods-Pharmacy.a */ = {isa = PBXFileReference; explicitFileType = archive.ar; includeInIndex = 0; path = "libPods-Pharmacy.a"; sourceTree = BUILT_PRODUCTS_DIR; };
		6AB1E05E03B36F6F27DEA091 /* Pods-Pharmacy.debug.xcconfig */ = {isa = PBXFileReference; includeInIndex = 1; lastKnownFileType = text.xcconfig; name = "Pods-Pharmacy.debug.xcconfig"; path = "Pods/Target Support Files/Pods-Pharmacy/Pods-Pharmacy.debug.xcconfig"; sourceTree = "<group>"; };
		6B9EF551B002FA1E42E2493C /* Pods-Pharmacy.release.xcconfig */ = {isa = PBXFileReference; includeInIndex = 1; lastKnownFileType = text.xcconfig; name = "Pods-Pharmacy.release.xcconfig"; path = "Pods/Target Support Files/Pods-Pharmacy/Pods-Pharmacy.release.xcconfig"; sourceTree = "<group>"; };
		8B01C4E01D65BD19008D081F /* ListOfCategoriesPage.swift */ = {isa = PBXFileReference; fileEncoding = 4; lastKnownFileType = sourcecode.swift; path = ListOfCategoriesPage.swift; sourceTree = "<group>"; };
		8B0E01771D50842D008F8DC0 /* Pharmacy.app */ = {isa = PBXFileReference; explicitFileType = wrapper.application; includeInIndex = 0; path = Pharmacy.app; sourceTree = BUILT_PRODUCTS_DIR; };
		8B0E017A1D50842D008F8DC0 /* AppDelegate.swift */ = {isa = PBXFileReference; lastKnownFileType = sourcecode.swift; path = AppDelegate.swift; sourceTree = "<group>"; };
		8B0E017C1D50842D008F8DC0 /* Main.swift */ = {isa = PBXFileReference; lastKnownFileType = sourcecode.swift; path = Main.swift; sourceTree = "<group>"; };
		8B0E017F1D50842D008F8DC0 /* Base */ = {isa = PBXFileReference; lastKnownFileType = file.storyboard; name = Base; path = Base.lproj/Main.storyboard; sourceTree = "<group>"; };
		8B0E01811D50842D008F8DC0 /* Assets.xcassets */ = {isa = PBXFileReference; lastKnownFileType = folder.assetcatalog; path = Assets.xcassets; sourceTree = "<group>"; };
		8B0E01841D50842D008F8DC0 /* Base */ = {isa = PBXFileReference; lastKnownFileType = file.storyboard; name = Base; path = Base.lproj/LaunchScreen.storyboard; sourceTree = "<group>"; };
		8B0E01861D50842D008F8DC0 /* Info.plist */ = {isa = PBXFileReference; lastKnownFileType = text.plist.xml; path = Info.plist; sourceTree = "<group>"; };
		8B0E018C1D509607008F8DC0 /* AddNew.swift */ = {isa = PBXFileReference; fileEncoding = 4; lastKnownFileType = sourcecode.swift; path = AddNew.swift; sourceTree = "<group>"; };
		8B2B0CD21D56ACCB009BDF34 /* ListOfMedsPage.swift */ = {isa = PBXFileReference; fileEncoding = 4; lastKnownFileType = sourcecode.swift; path = ListOfMedsPage.swift; sourceTree = "<group>"; };
		8B4803221D586903007010DB /* Support.swift */ = {isa = PBXFileReference; fileEncoding = 4; lastKnownFileType = sourcecode.swift; path = Support.swift; sourceTree = "<group>"; };
		8BC332611D50C1550091F081 /* MedPage.swift */ = {isa = PBXFileReference; fileEncoding = 4; lastKnownFileType = sourcecode.swift; path = MedPage.swift; sourceTree = "<group>"; };
		8BD380261D5103D300E0A7E7 /* GoogleService-Info.plist */ = {isa = PBXFileReference; fileEncoding = 4; lastKnownFileType = text.plist.xml; path = "GoogleService-Info.plist"; sourceTree = "<group>"; };
/* End PBXFileReference section */

/* Begin PBXFrameworksBuildPhase section */
		8B0E01741D50842D008F8DC0 /* Frameworks */ = {
			isa = PBXFrameworksBuildPhase;
			buildActionMask = 2147483647;
			files = (
				DD4C0652993854D596B09819 /* libPods-Pharmacy.a in Frameworks */,
			);
			runOnlyForDeploymentPostprocessing = 0;
		};
/* End PBXFrameworksBuildPhase section */

/* Begin PBXGroup section */
		8B0E016E1D50842D008F8DC0 = {
			isa = PBXGroup;
			children = (
				8B0E01791D50842D008F8DC0 /* Pharmacy */,
				8B0E01781D50842D008F8DC0 /* Products */,
				AEE48475B2178EDF35174EDA /* Pods */,
				E99E06806EA8552F4BC0EBF4 /* Frameworks */,
			);
			sourceTree = "<group>";
		};
		8B0E01781D50842D008F8DC0 /* Products */ = {
			isa = PBXGroup;
			children = (
				8B0E01771D50842D008F8DC0 /* Pharmacy.app */,
			);
			name = Products;
			sourceTree = "<group>";
		};
		8B0E01791D50842D008F8DC0 /* Pharmacy */ = {
			isa = PBXGroup;
			children = (
				8BD380261D5103D300E0A7E7 /* GoogleService-Info.plist */,
				8B0E017A1D50842D008F8DC0 /* AppDelegate.swift */,
				8B0E017C1D50842D008F8DC0 /* Main.swift */,
				8B0E018C1D509607008F8DC0 /* AddNew.swift */,
				8BC332611D50C1550091F081 /* MedPage.swift */,
				8B2B0CD21D56ACCB009BDF34 /* ListOfMedsPage.swift */,
				8B01C4E01D65BD19008D081F /* ListOfCategoriesPage.swift */,
				8B4803221D586903007010DB /* Support.swift */,
				8B0E017E1D50842D008F8DC0 /* Main.storyboard */,
				8B0E01811D50842D008F8DC0 /* Assets.xcassets */,
				8B0E01831D50842D008F8DC0 /* LaunchScreen.storyboard */,
				8B0E01861D50842D008F8DC0 /* Info.plist */,
			);
			path = Pharmacy;
			sourceTree = "<group>";
		};
		AEE48475B2178EDF35174EDA /* Pods */ = {
			isa = PBXGroup;
			children = (
				6AB1E05E03B36F6F27DEA091 /* Pods-Pharmacy.debug.xcconfig */,
				6B9EF551B002FA1E42E2493C /* Pods-Pharmacy.release.xcconfig */,
			);
			name = Pods;
			sourceTree = "<group>";
		};
		E99E06806EA8552F4BC0EBF4 /* Frameworks */ = {
			isa = PBXGroup;
			children = (
				08689C9A0B0D1986172BEF04 /* libPods-Pharmacy.a */,
			);
			name = Frameworks;
			sourceTree = "<group>";
		};
/* End PBXGroup section */

/* Begin PBXNativeTarget section */
		8B0E01761D50842D008F8DC0 /* Pharmacy */ = {
			isa = PBXNativeTarget;
			buildConfigurationList = 8B0E01891D50842D008F8DC0 /* Build configuration list for PBXNativeTarget "Pharmacy" */;
			buildPhases = (
				FC1391B11743F938031BA2DD /* Check Pods Manifest.lock */,
				8B0E01731D50842D008F8DC0 /* Sources */,
				8B0E01741D50842D008F8DC0 /* Frameworks */,
				8B0E01751D50842D008F8DC0 /* Resources */,
				631B3E78E4CABFC92C216236 /* Embed Pods Frameworks */,
				594D393A23AD7C868C80D94A /* Copy Pods Resources */,
			);
			buildRules = (
			);
			dependencies = (
			);
			name = Pharmacy;
			productName = Pharmacy;
			productReference = 8B0E01771D50842D008F8DC0 /* Pharmacy.app */;
			productType = "com.apple.product-type.application";
		};
/* End PBXNativeTarget section */

/* Begin PBXProject section */
		8B0E016F1D50842D008F8DC0 /* Project object */ = {
			isa = PBXProject;
			attributes = {
				LastSwiftUpdateCheck = 0730;
				LastUpgradeCheck = 0730;
				ORGANIZATIONNAME = slim;
				TargetAttributes = {
					8B0E01761D50842D008F8DC0 = {
						CreatedOnToolsVersion = 7.3.1;
						DevelopmentTeam = 24NWQ964A3;
					};
				};
			};
			buildConfigurationList = 8B0E01721D50842D008F8DC0 /* Build configuration list for PBXProject "Pharmacy" */;
			compatibilityVersion = "Xcode 3.2";
			developmentRegion = English;
			hasScannedForEncodings = 0;
			knownRegions = (
				en,
				Base,
			);
			mainGroup = 8B0E016E1D50842D008F8DC0;
			productRefGroup = 8B0E01781D50842D008F8DC0 /* Products */;
			projectDirPath = "";
			projectRoot = "";
			targets = (
				8B0E01761D50842D008F8DC0 /* Pharmacy */,
			);
		};
/* End PBXProject section */

/* Begin PBXResourcesBuildPhase section */
		8B0E01751D50842D008F8DC0 /* Resources */ = {
			isa = PBXResourcesBuildPhase;
			buildActionMask = 2147483647;
			files = (
				8B0E01851D50842D008F8DC0 /* LaunchScreen.storyboard in Resources */,
				8BD380271D5103D300E0A7E7 /* GoogleService-Info.plist in Resources */,
				8B0E01821D50842D008F8DC0 /* Assets.xcassets in Resources */,
				8B0E01801D50842D008F8DC0 /* Main.storyboard in Resources */,
			);
			runOnlyForDeploymentPostprocessing = 0;
		};
/* End PBXResourcesBuildPhase section */

/* Begin PBXShellScriptBuildPhase section */
		594D393A23AD7C868C80D94A /* Copy Pods Resources */ = {
			isa = PBXShellScriptBuildPhase;
			buildActionMask = 2147483647;
			files = (
			);
			inputPaths = (
			);
			name = "Copy Pods Resources";
			outputPaths = (
			);
			runOnlyForDeploymentPostprocessing = 0;
			shellPath = /bin/sh;
			shellScript = "\"${SRCROOT}/Pods/Target Support Files/Pods-Pharmacy/Pods-Pharmacy-resources.sh\"\n";
			showEnvVarsInLog = 0;
		};
		631B3E78E4CABFC92C216236 /* Embed Pods Frameworks */ = {
			isa = PBXShellScriptBuildPhase;
			buildActionMask = 2147483647;
			files = (
			);
			inputPaths = (
			);
			name = "Embed Pods Frameworks";
			outputPaths = (
			);
			runOnlyForDeploymentPostprocessing = 0;
			shellPath = /bin/sh;
			shellScript = "\"${SRCROOT}/Pods/Target Support Files/Pods-Pharmacy/Pods-Pharmacy-frameworks.sh\"\n";
			showEnvVarsInLog = 0;
		};
		FC1391B11743F938031BA2DD /* Check Pods Manifest.lock */ = {
			isa = PBXShellScriptBuildPhase;
			buildActionMask = 2147483647;
			files = (
			);
			inputPaths = (
			);
			name = "Check Pods Manifest.lock";
			outputPaths = (
			);
			runOnlyForDeploymentPostprocessing = 0;
			shellPath = /bin/sh;
			shellScript = "diff \"${PODS_ROOT}/../Podfile.lock\" \"${PODS_ROOT}/Manifest.lock\" > /dev/null\nif [[ $? != 0 ]] ; then\n    cat << EOM\nerror: The sandbox is not in sync with the Podfile.lock. Run 'pod install' or update your CocoaPods installation.\nEOM\n    exit 1\nfi\n";
			showEnvVarsInLog = 0;
		};
/* End PBXShellScriptBuildPhase section */

/* Begin PBXSourcesBuildPhase section */
		8B0E01731D50842D008F8DC0 /* Sources */ = {
			isa = PBXSourcesBuildPhase;
			buildActionMask = 2147483647;
			files = (
				8B0E017D1D50842D008F8DC0 /* Main.swift in Sources */,
				8B0E017B1D50842D008F8DC0 /* AppDelegate.swift in Sources */,
				8B0E018D1D509607008F8DC0 /* AddNew.swift in Sources */,
				8BC332621D50C1550091F081 /* MedPage.swift in Sources */,
				8B2B0CD31D56ACCB009BDF34 /* ListOfMedsPage.swift in Sources */,
				8B4803231D586903007010DB /* Support.swift in Sources */,
				8B01C4E11D65BD19008D081F /* ListOfCategoriesPage.swift in Sources */,
			);
			runOnlyForDeploymentPostprocessing = 0;
		};
/* End PBXSourcesBuildPhase section */

/* Begin PBXVariantGroup section */
		8B0E017E1D50842D008F8DC0 /* Main.storyboard */ = {
			isa = PBXVariantGroup;
			children = (
				8B0E017F1D50842D008F8DC0 /* Base */,
			);
			name = Main.storyboard;
			sourceTree = "<group>";
		};
		8B0E01831D50842D008F8DC0 /* LaunchScreen.storyboard */ = {
			isa = PBXVariantGroup;
			children = (
				8B0E01841D50842D008F8DC0 /* Base */,
			);
			name = LaunchScreen.storyboard;
			sourceTree = "<group>";
		};
/* End PBXVariantGroup section */

/* Begin XCBuildConfiguration section */
		8B0E01871D50842D008F8DC0 /* Debug */ = {
			isa = XCBuildConfiguration;
			buildSettings = {
				ALWAYS_SEARCH_USER_PATHS = NO;
				CLANG_ANALYZER_NONNULL = YES;
				CLANG_CXX_LANGUAGE_STANDARD = "gnu++0x";
				CLANG_CXX_LIBRARY = "libc++";
				CLANG_ENABLE_MODULES = YES;
				CLANG_ENABLE_OBJC_ARC = YES;
				CLANG_WARN_BOOL_CONVERSION = YES;
				CLANG_WARN_CONSTANT_CONVERSION = YES;
				CLANG_WARN_DIRECT_OBJC_ISA_USAGE = YES_ERROR;
				CLANG_WARN_EMPTY_BODY = YES;
				CLANG_WARN_ENUM_CONVERSION = YES;
				CLANG_WARN_INT_CONVERSION = YES;
				CLANG_WARN_OBJC_ROOT_CLASS = YES_ERROR;
				CLANG_WARN_UNREACHABLE_CODE = YES;
				CLANG_WARN__DUPLICATE_METHOD_MATCH = YES;
				"CODE_SIGN_IDENTITY[sdk=iphoneos*]" = "iPhone Developer";
				COPY_PHASE_STRIP = NO;
				DEBUG_INFORMATION_FORMAT = dwarf;
				ENABLE_STRICT_OBJC_MSGSEND = YES;
				ENABLE_TESTABILITY = YES;
				GCC_C_LANGUAGE_STANDARD = gnu99;
				GCC_DYNAMIC_NO_PIC = NO;
				GCC_NO_COMMON_BLOCKS = YES;
				GCC_OPTIMIZATION_LEVEL = 0;
				GCC_PREPROCESSOR_DEFINITIONS = (
					"DEBUG=1",
					"$(inherited)",
				);
				GCC_WARN_64_TO_32_BIT_CONVERSION = YES;
				GCC_WARN_ABOUT_RETURN_TYPE = YES_ERROR;
				GCC_WARN_UNDECLARED_SELECTOR = YES;
				GCC_WARN_UNINITIALIZED_AUTOS = YES_AGGRESSIVE;
				GCC_WARN_UNUSED_FUNCTION = YES;
				GCC_WARN_UNUSED_VARIABLE = YES;
				IPHONEOS_DEPLOYMENT_TARGET = 9.3;
				MTL_ENABLE_DEBUG_INFO = YES;
				ONLY_ACTIVE_ARCH = YES;
				SDKROOT = iphoneos;
				SWIFT_OPTIMIZATION_LEVEL = "-Onone";
			};
			name = Debug;
		};
		8B0E01881D50842D008F8DC0 /* Release */ = {
			isa = XCBuildConfiguration;
			buildSettings = {
				ALWAYS_SEARCH_USER_PATHS = NO;
				CLANG_ANALYZER_NONNULL = YES;
				CLANG_CXX_LANGUAGE_STANDARD = "gnu++0x";
				CLANG_CXX_LIBRARY = "libc++";
				CLANG_ENABLE_MODULES = YES;
				CLANG_ENABLE_OBJC_ARC = YES;
				CLANG_WARN_BOOL_CONVERSION = YES;
				CLANG_WARN_CONSTANT_CONVERSION = YES;
				CLANG_WARN_DIRECT_OBJC_ISA_USAGE = YES_ERROR;
				CLANG_WARN_EMPTY_BODY = YES;
				CLANG_WARN_ENUM_CONVERSION = YES;
				CLANG_WARN_INT_CONVERSION = YES;
				CLANG_WARN_OBJC_ROOT_CLASS = YES_ERROR;
				CLANG_WARN_UNREACHABLE_CODE = YES;
				CLANG_WARN__DUPLICATE_METHOD_MATCH = YES;
				"CODE_SIGN_IDENTITY[sdk=iphoneos*]" = "iPhone Developer";
				COPY_PHASE_STRIP = NO;
				DEBUG_INFORMATION_FORMAT = "dwarf-with-dsym";
				ENABLE_NS_ASSERTIONS = NO;
				ENABLE_STRICT_OBJC_MSGSEND = YES;
				GCC_C_LANGUAGE_STANDARD = gnu99;
				GCC_NO_COMMON_BLOCKS = YES;
				GCC_WARN_64_TO_32_BIT_CONVERSION = YES;
				GCC_WARN_ABOUT_RETURN_TYPE = YES_ERROR;
				GCC_WARN_UNDECLARED_SELECTOR = YES;
				GCC_WARN_UNINITIALIZED_AUTOS = YES_AGGRESSIVE;
				GCC_WARN_UNUSED_FUNCTION = YES;
				GCC_WARN_UNUSED_VARIABLE = YES;
				IPHONEOS_DEPLOYMENT_TARGET = 9.3;
				MTL_ENABLE_DEBUG_INFO = NO;
				SDKROOT = iphoneos;
				VALIDATE_PRODUCT = YES;
			};
			name = Release;
		};
		8B0E018A1D50842D008F8DC0 /* Debug */ = {
			isa = XCBuildConfiguration;
			baseConfigurationReference = 6AB1E05E03B36F6F27DEA091 /* Pods-Pharmacy.debug.xcconfig */;
			buildSettings = {
				ASSETCATALOG_COMPILER_APPICON_NAME = AppIcon;
				INFOPLIST_FILE = Pharmacy/Info.plist;
				LD_RUNPATH_SEARCH_PATHS = "$(inherited) @executable_path/Frameworks";
				PRODUCT_BUNDLE_IDENTIFIER = com.SL.Pharmacy;
				PRODUCT_NAME = "$(TARGET_NAME)";
			};
			name = Debug;
		};
		8B0E018B1D50842D008F8DC0 /* Release */ = {
			isa = XCBuildConfiguration;
			baseConfigurationReference = 6B9EF551B002FA1E42E2493C /* Pods-Pharmacy.release.xcconfig */;
			buildSettings = {
				ASSETCATALOG_COMPILER_APPICON_NAME = AppIcon;
				INFOPLIST_FILE = Pharmacy/Info.plist;
				LD_RUNPATH_SEARCH_PATHS = "$(inherited) @executable_path/Frameworks";
				PRODUCT_BUNDLE_IDENTIFIER = com.SL.Pharmacy;
				PRODUCT_NAME = "$(TARGET_NAME)";
			};
			name = Release;
		};
/* End XCBuildConfiguration section */

/* Begin XCConfigurationList section */
		8B0E01721D50842D008F8DC0 /* Build configuration list for PBXProject "Pharmacy" */ = {
			isa = XCConfigurationList;
			buildConfigurations = (
				8B0E01871D50842D008F8DC0 /* Debug */,
				8B0E01881D50842D008F8DC0 /* Release */,
			);
			defaultConfigurationIsVisible = 0;
			defaultConfigurationName = Release;
		};
		8B0E01891D50842D008F8DC0 /* Build configuration list for PBXNativeTarget "Pharmacy" */ = {
			isa = XCConfigurationList;
			buildConfigurations = (
				8B0E018A1D50842D008F8DC0 /* Debug */,
				8B0E018B1D50842D008F8DC0 /* Release */,
			);
			defaultConfigurationIsVisible = 0;
			defaultConfigurationName = Release;
		};
/* End XCConfigurationList section */
	};
	rootObject = 8B0E016F1D50842D008F8DC0 /* Project object */;
}
